PODS:
  - Realm (0.96.3):
    - Realm/Headers (= 0.96.3)
  - Realm/Headers (0.96.3)

DEPENDENCIES:
  - Realm (from `https://github.com/realm/realm-cocoa.git`, branch `master`)

EXTERNAL SOURCES:
  Realm:
    :branch: master
    :git: https://github.com/realm/realm-cocoa.git

CHECKOUT OPTIONS:
  Realm:
    :commit: 6b5c569de71672e4478f8e37d1ca7a098f63ceb0
    :git: https://github.com/realm/realm-cocoa.git

SPEC CHECKSUMS:
  Realm: 5a752064f88557eb4a9e3fc5fb8b89e864017a70

COCOAPODS: 0.39.0
